
Microsoft Visual Studio Solution File, Format Version 12.00
# Visual Studio Version 17
VisualStudioVersion = 17.5.33414.496
MinimumVisualStudioVersion = 10.0.40219.1
Project("{9A19103F-16F7-4668-BE54-9A1E7A4F7556}") = "RockPaperScissorsAndWorkingDay.Task1", "RockPaperScissorsAndWorkingDay.Task1\RockPaperScissorsAndWorkingDay.Task1.csproj", "{241799FF-B3BF-4E41-993B-FDE17E4905D0}"
EndProject
Project("{FAE04EC0-301F-11D3-BF4B-00C04F79EFBC}") = "RockPaperScissorsAndWorkingDay.Domain", "RockPaperScissorsAndWorkingDay.Domain\RockPaperScissorsAndWorkingDay.Domain.csproj", "{A2A1E873-82A2-42D7-A999-062F813AD00E}"
EndProject
Project("{FAE04EC0-301F-11D3-BF4B-00C04F79EFBC}") = "RockPaperScissorsAndWorkingDay.Task2", "RockPaperScissorsAndWorkingDay.Task2\RockPaperScissorsAndWorkingDay.Task2.csproj", "{863CFE25-9BB1-4C40-8B1A-3501F5FE74AF}"
EndProject
Global
	GlobalSection(SolutionConfigurationPlatforms) = preSolution
		Debug|Any CPU = Debug|Any CPU
		Release|Any CPU = Release|Any CPU
	EndGlobalSection
	GlobalSection(ProjectConfigurationPlatforms) = postSolution
		{241799FF-B3BF-4E41-993B-FDE17E4905D0}.Debug|Any CPU.ActiveCfg = Debug|Any CPU
		{241799FF-B3BF-4E41-993B-FDE17E4905D0}.Debug|Any CPU.Build.0 = Debug|Any CPU
		{241799FF-B3BF-4E41-993B-FDE17E4905D0}.Release|Any CPU.ActiveCfg = Release|Any CPU
		{241799FF-B3BF-4E41-993B-FDE17E4905D0}.Release|Any CPU.Build.0 = Release|Any CPU
		{A2A1E873-82A2-42D7-A999-062F813AD00E}.Debug|Any CPU.ActiveCfg = Debug|Any CPU
		{A2A1E873-82A2-42D7-A999-062F813AD00E}.Debug|Any CPU.Build.0 = Debug|Any CPU
		{A2A1E873-82A2-42D7-A999-062F813AD00E}.Release|Any CPU.ActiveCfg = Release|Any CPU
		{A2A1E873-82A2-42D7-A999-062F813AD00E}.Release|Any CPU.Build.0 = Release|Any CPU
		{863CFE25-9BB1-4C40-8B1A-3501F5FE74AF}.Debug|Any CPU.ActiveCfg = Debug|Any CPU
		{863CFE25-9BB1-4C40-8B1A-3501F5FE74AF}.Debug|Any CPU.Build.0 = Debug|Any CPU
		{863CFE25-9BB1-4C40-8B1A-3501F5FE74AF}.Release|Any CPU.ActiveCfg = Release|Any CPU
		{863CFE25-9BB1-4C40-8B1A-3501F5FE74AF}.Release|Any CPU.Build.0 = Release|Any CPU
	EndGlobalSection
	GlobalSection(SolutionProperties) = preSolution
		HideSolutionNode = FALSE
	EndGlobalSection
	GlobalSection(ExtensibilityGlobals) = postSolution
		SolutionGuid = {4D693D14-F8F8-4A49-A013-8E7494918577}
	EndGlobalSection
EndGlobal
