
Microsoft Visual Studio Solution File, Format Version 12.00
# Visual Studio Version 17
VisualStudioVersion = 17.5.33414.496
MinimumVisualStudioVersion = 10.0.40219.1
Project("{FAE04EC0-301F-11D3-BF4B-00C04F79EFBC}") = "ClassesObjects.Task1", "ClassesObjects.Task1\ClassesObjects.Task1.csproj", "{5C2E0664-EDE7-4FCF-9DE7-CD808EDFE168}"
EndProject
Project("{FAE04EC0-301F-11D3-BF4B-00C04F79EFBC}") = "ClassesObjects.Task2", "ClassesObjects.Task2\ClassesObjects.Task2.csproj", "{F7A8E898-19B4-4C43-8B5E-4FB96013858E}"
EndProject
Global
	GlobalSection(SolutionConfigurationPlatforms) = preSolution
		Debug|Any CPU = Debug|Any CPU
		Release|Any CPU = Release|Any CPU
	EndGlobalSection
	GlobalSection(ProjectConfigurationPlatforms) = postSolution
		{5C2E0664-EDE7-4FCF-9DE7-CD808EDFE168}.Debug|Any CPU.ActiveCfg = Debug|Any CPU
		{5C2E0664-EDE7-4FCF-9DE7-CD808EDFE168}.Debug|Any CPU.Build.0 = Debug|Any CPU
		{5C2E0664-EDE7-4FCF-9DE7-CD808EDFE168}.Release|Any CPU.ActiveCfg = Release|Any CPU
		{5C2E0664-EDE7-4FCF-9DE7-CD808EDFE168}.Release|Any CPU.Build.0 = Release|Any CPU
		{F7A8E898-19B4-4C43-8B5E-4FB96013858E}.Debug|Any CPU.ActiveCfg = Debug|Any CPU
		{F7A8E898-19B4-4C43-8B5E-4FB96013858E}.Debug|Any CPU.Build.0 = Debug|Any CPU
		{F7A8E898-19B4-4C43-8B5E-4FB96013858E}.Release|Any CPU.ActiveCfg = Release|Any CPU
		{F7A8E898-19B4-4C43-8B5E-4FB96013858E}.Release|Any CPU.Build.0 = Release|Any CPU
	EndGlobalSection
	GlobalSection(SolutionProperties) = preSolution
		HideSolutionNode = FALSE
	EndGlobalSection
	GlobalSection(ExtensibilityGlobals) = postSolution
		SolutionGuid = {1218FC44-9A5A-4C5A-98F5-292B4B58A752}
	EndGlobalSection
EndGlobal
